dependencies:
- name: postgresql
  repository: file://./deps/postgresql
  version: 13.2.27
- name: minio-instance
  repository: oci://registry1.dso.mil/bigbang
  version: 7.1.1-bb.16
- name: gluon
  repository: oci://registry1.dso.mil/bigbang
  version: 0.9.7
- name: bb-common
  repository: oci://registry1.dso.mil/bigbang
  version: 0.14.0
digest: sha256:d797f8a8f1f6b4efefdb962448f0b3365fb5feff7368b01e201d2b6ab5d6ce57
generated: "2026-02-11T14:16:12.886512321-06:00"
